
Microsoft Visual Studio Solution File, Format Version 12.00
# Visual Studio 14
VisualStudioVersion = 14.0.25420.1
MinimumVisualStudioVersion = 10.0.40219.1
Project("{FAE04EC0-301F-11D3-BF4B-00C04F79EFBC}") = "TestCaseTrackingSystem", "TestCaseTrackingSystem\TestCaseTrackingSystem.csproj", "{66F1A274-6CE1-4573-9A42-ADF55F0E24D8}"
EndProject
Project("{FAE04EC0-301F-11D3-BF4B-00C04F79EFBC}") = "DataAccess", "DataAccess\DataAccess.csproj", "{C890458A-667A-4614-8504-16E7607A7940}"
EndProject
Project("{FAE04EC0-301F-11D3-BF4B-00C04F79EFBC}") = "TestDataAccess", "TestDataAccess\TestDataAccess.csproj", "{6111C9B8-53D2-4399-BD0A-FB1AC3200572}"
EndProject
Global
	GlobalSection(SolutionConfigurationPlatforms) = preSolution
		Debug|Any CPU = Debug|Any CPU
		Release|Any CPU = Release|Any CPU
	EndGlobalSection
	GlobalSection(ProjectConfigurationPlatforms) = postSolution
		{66F1A274-6CE1-4573-9A42-ADF55F0E24D8}.Debug|Any CPU.ActiveCfg = Debug|Any CPU
		{66F1A274-6CE1-4573-9A42-ADF55F0E24D8}.Debug|Any CPU.Build.0 = Debug|Any CPU
		{66F1A274-6CE1-4573-9A42-ADF55F0E24D8}.Release|Any CPU.ActiveCfg = Release|Any CPU
		{66F1A274-6CE1-4573-9A42-ADF55F0E24D8}.Release|Any CPU.Build.0 = Release|Any CPU
		{C890458A-667A-4614-8504-16E7607A7940}.Debug|Any CPU.ActiveCfg = Debug|Any CPU
		{C890458A-667A-4614-8504-16E7607A7940}.Debug|Any CPU.Build.0 = Debug|Any CPU
		{C890458A-667A-4614-8504-16E7607A7940}.Release|Any CPU.ActiveCfg = Release|Any CPU
		{C890458A-667A-4614-8504-16E7607A7940}.Release|Any CPU.Build.0 = Release|Any CPU
		{6111C9B8-53D2-4399-BD0A-FB1AC3200572}.Debug|Any CPU.ActiveCfg = Debug|Any CPU
		{6111C9B8-53D2-4399-BD0A-FB1AC3200572}.Debug|Any CPU.Build.0 = Debug|Any CPU
		{6111C9B8-53D2-4399-BD0A-FB1AC3200572}.Release|Any CPU.ActiveCfg = Release|Any CPU
		{6111C9B8-53D2-4399-BD0A-FB1AC3200572}.Release|Any CPU.Build.0 = Release|Any CPU
	EndGlobalSection
	GlobalSection(SolutionProperties) = preSolution
		HideSolutionNode = FALSE
	EndGlobalSection
EndGlobal
